
Microsoft Visual Studio Solution File, Format Version 12.00
# Visual Studio Version 17
VisualStudioVersion = 17.10.35004.147
MinimumVisualStudioVersion = 10.0.40219.1
Project("{FAE04EC0-301F-11D3-BF4B-00C04F79EFBC}") = "Module_4_19", "Module_4_19\Module_4_19.csproj", "{2974C465-9DD1-4D6A-A8AB-63930D9DC84A}"
EndProject
Global
	GlobalSection(SolutionConfigurationPlatforms) = preSolution
		Debug|Any CPU = Debug|Any CPU
		Release|Any CPU = Release|Any CPU
	EndGlobalSection
	GlobalSection(ProjectConfigurationPlatforms) = postSolution
		{2974C465-9DD1-4D6A-A8AB-63930D9DC84A}.Debug|Any CPU.ActiveCfg = Debug|Any CPU
		{2974C465-9DD1-4D6A-A8AB-63930D9DC84A}.Debug|Any CPU.Build.0 = Debug|Any CPU
		{2974C465-9DD1-4D6A-A8AB-63930D9DC84A}.Release|Any CPU.ActiveCfg = Release|Any CPU
		{2974C465-9DD1-4D6A-A8AB-63930D9DC84A}.Release|Any CPU.Build.0 = Release|Any CPU
	EndGlobalSection
	GlobalSection(SolutionProperties) = preSolution
		HideSolutionNode = FALSE
	EndGlobalSection
	GlobalSection(ExtensibilityGlobals) = postSolution
		SolutionGuid = {CCDD731A-FEA6-48FB-A0B3-62E71DD83DF3}
	EndGlobalSection
EndGlobal
